
Microsoft Visual Studio Solution File, Format Version 12.00
# Visual Studio 15
VisualStudioVersion = 15.0.27130.2024
MinimumVisualStudioVersion = 10.0.40219.1
Project("{FAE04EC0-301F-11D3-BF4B-00C04F79EFBC}") = "GUI", "WindowsFormsApp15\GUI.csproj", "{B433E358-EF63-4823-B7C8-237C314BD792}"
EndProject
Global
	GlobalSection(SolutionConfigurationPlatforms) = preSolution
		Debug|Any CPU = Debug|Any CPU
		Release|Any CPU = Release|Any CPU
	EndGlobalSection
	GlobalSection(ProjectConfigurationPlatforms) = postSolution
		{B433E358-EF63-4823-B7C8-237C314BD792}.Debug|Any CPU.ActiveCfg = Debug|Any CPU
		{B433E358-EF63-4823-B7C8-237C314BD792}.Debug|Any CPU.Build.0 = Debug|Any CPU
		{B433E358-EF63-4823-B7C8-237C314BD792}.Release|Any CPU.ActiveCfg = Release|Any CPU
		{B433E358-EF63-4823-B7C8-237C314BD792}.Release|Any CPU.Build.0 = Release|Any CPU
	EndGlobalSection
	GlobalSection(SolutionProperties) = preSolution
		HideSolutionNode = FALSE
	EndGlobalSection
	GlobalSection(ExtensibilityGlobals) = postSolution
		SolutionGuid = {70DB53F2-1F51-43C5-8CA0-E311CFDDFB60}
	EndGlobalSection
EndGlobal
